
Microsoft Visual Studio Solution File, Format Version 12.00
# Visual Studio Version 17
VisualStudioVersion = 17.4.33213.308
MinimumVisualStudioVersion = 10.0.40219.1
Project("{9A19103F-16F7-4668-BE54-9A1E7A4F7556}") = "Sorter", "Sorter.csproj", "{1DF7010C-A637-41DB-978E-127CA125D8E3}"
EndProject
Project("{9A19103F-16F7-4668-BE54-9A1E7A4F7556}") = "SortConsole", "..\SortTesting\SortConsole.csproj", "{6002BDE2-E290-4833-B1D3-C31CD3221079}"
EndProject
Project("{9A19103F-16F7-4668-BE54-9A1E7A4F7556}") = "SorterTest", "..\SorterTest\SorterTest.csproj", "{28BD9F68-1F77-427A-9FC0-30FB9CE1971D}"
EndProject
Project("{FAE04EC0-301F-11D3-BF4B-00C04F79EFBC}") = "SortingInterface", "..\SortingInterface\SortingInterface.csproj", "{B73C3877-9B5E-4D5A-B3E2-C01FF9AED766}"
EndProject
Global
	GlobalSection(SolutionConfigurationPlatforms) = preSolution
		Debug|Any CPU = Debug|Any CPU
		Release|Any CPU = Release|Any CPU
	EndGlobalSection
	GlobalSection(ProjectConfigurationPlatforms) = postSolution
		{1DF7010C-A637-41DB-978E-127CA125D8E3}.Debug|Any CPU.ActiveCfg = Debug|Any CPU
		{1DF7010C-A637-41DB-978E-127CA125D8E3}.Debug|Any CPU.Build.0 = Debug|Any CPU
		{1DF7010C-A637-41DB-978E-127CA125D8E3}.Release|Any CPU.ActiveCfg = Release|Any CPU
		{1DF7010C-A637-41DB-978E-127CA125D8E3}.Release|Any CPU.Build.0 = Release|Any CPU
		{6002BDE2-E290-4833-B1D3-C31CD3221079}.Debug|Any CPU.ActiveCfg = Debug|Any CPU
		{6002BDE2-E290-4833-B1D3-C31CD3221079}.Debug|Any CPU.Build.0 = Debug|Any CPU
		{6002BDE2-E290-4833-B1D3-C31CD3221079}.Release|Any CPU.ActiveCfg = Release|Any CPU
		{6002BDE2-E290-4833-B1D3-C31CD3221079}.Release|Any CPU.Build.0 = Release|Any CPU
		{28BD9F68-1F77-427A-9FC0-30FB9CE1971D}.Debug|Any CPU.ActiveCfg = Debug|Any CPU
		{28BD9F68-1F77-427A-9FC0-30FB9CE1971D}.Debug|Any CPU.Build.0 = Debug|Any CPU
		{28BD9F68-1F77-427A-9FC0-30FB9CE1971D}.Release|Any CPU.ActiveCfg = Release|Any CPU
		{28BD9F68-1F77-427A-9FC0-30FB9CE1971D}.Release|Any CPU.Build.0 = Release|Any CPU
		{B73C3877-9B5E-4D5A-B3E2-C01FF9AED766}.Debug|Any CPU.ActiveCfg = Debug|Any CPU
		{B73C3877-9B5E-4D5A-B3E2-C01FF9AED766}.Debug|Any CPU.Build.0 = Debug|Any CPU
		{B73C3877-9B5E-4D5A-B3E2-C01FF9AED766}.Release|Any CPU.ActiveCfg = Release|Any CPU
		{B73C3877-9B5E-4D5A-B3E2-C01FF9AED766}.Release|Any CPU.Build.0 = Release|Any CPU
	EndGlobalSection
	GlobalSection(SolutionProperties) = preSolution
		HideSolutionNode = FALSE
	EndGlobalSection
	GlobalSection(ExtensibilityGlobals) = postSolution
		SolutionGuid = {4559DA51-15DD-4774-9801-52DA799F5226}
	EndGlobalSection
EndGlobal
